
Microsoft Visual Studio Solution File, Format Version 12.00
# Visual Studio 15
Project("{FAE04EC0-301F-11D3-BF4B-00C04F79EFBC}") = "Assembly-CSharp", "Assembly-CSharp.csproj", "{F9536B8D-6E91-D05D-5D55-3AEFC21C5BD0}"
EndProject
Project("{FAE04EC0-301F-11D3-BF4B-00C04F79EFBC}") = "Assembly-CSharp-Editor", "Assembly-CSharp-Editor.csproj", "{9AF041AE-FBB3-90BE-BFCC-B2A76E8704A3}"
EndProject
Global
	GlobalSection(SolutionConfigurationPlatforms) = preSolution
		Debug|Any CPU = Debug|Any CPU
		Release|Any CPU = Release|Any CPU
	EndGlobalSection
	GlobalSection(ProjectConfigurationPlatforms) = postSolution
		{F9536B8D-6E91-D05D-5D55-3AEFC21C5BD0}.Debug|Any CPU.ActiveCfg = Debug|Any CPU
		{F9536B8D-6E91-D05D-5D55-3AEFC21C5BD0}.Debug|Any CPU.Build.0 = Debug|Any CPU
		{F9536B8D-6E91-D05D-5D55-3AEFC21C5BD0}.Release|Any CPU.ActiveCfg = Release|Any CPU
		{F9536B8D-6E91-D05D-5D55-3AEFC21C5BD0}.Release|Any CPU.Build.0 = Release|Any CPU
		{9AF041AE-FBB3-90BE-BFCC-B2A76E8704A3}.Debug|Any CPU.ActiveCfg = Debug|Any CPU
		{9AF041AE-FBB3-90BE-BFCC-B2A76E8704A3}.Debug|Any CPU.Build.0 = Debug|Any CPU
		{9AF041AE-FBB3-90BE-BFCC-B2A76E8704A3}.Release|Any CPU.ActiveCfg = Release|Any CPU
		{9AF041AE-FBB3-90BE-BFCC-B2A76E8704A3}.Release|Any CPU.Build.0 = Release|Any CPU
	EndGlobalSection
	GlobalSection(SolutionProperties) = preSolution
		HideSolutionNode = FALSE
	EndGlobalSection
EndGlobal
